
Microsoft Visual Studio Solution File, Format Version 12.00
# Visual Studio Version 17
VisualStudioVersion = 17.9.34728.123
MinimumVisualStudioVersion = 10.0.40219.1
Project("{8BC9CEB8-8B4A-11D0-8D11-00A0C91BC942}") = "Part1B_HammingDistance", "Part1B_HammingDistance.vcxproj", "{F58834DF-D204-4BE5-930E-7E287CC3FE37}"
EndProject
Global
	GlobalSection(SolutionConfigurationPlatforms) = preSolution
		Debug|x64 = Debug|x64
		Debug|x86 = Debug|x86
		Release|x64 = Release|x64
		Release|x86 = Release|x86
	EndGlobalSection
	GlobalSection(ProjectConfigurationPlatforms) = postSolution
		{F58834DF-D204-4BE5-930E-7E287CC3FE37}.Debug|x64.ActiveCfg = Debug|x64
		{F58834DF-D204-4BE5-930E-7E287CC3FE37}.Debug|x64.Build.0 = Debug|x64
		{F58834DF-D204-4BE5-930E-7E287CC3FE37}.Debug|x86.ActiveCfg = Debug|Win32
		{F58834DF-D204-4BE5-930E-7E287CC3FE37}.Debug|x86.Build.0 = Debug|Win32
		{F58834DF-D204-4BE5-930E-7E287CC3FE37}.Release|x64.ActiveCfg = Release|x64
		{F58834DF-D204-4BE5-930E-7E287CC3FE37}.Release|x64.Build.0 = Release|x64
		{F58834DF-D204-4BE5-930E-7E287CC3FE37}.Release|x86.ActiveCfg = Release|Win32
		{F58834DF-D204-4BE5-930E-7E287CC3FE37}.Release|x86.Build.0 = Release|Win32
	EndGlobalSection
	GlobalSection(SolutionProperties) = preSolution
		HideSolutionNode = FALSE
	EndGlobalSection
	GlobalSection(ExtensibilityGlobals) = postSolution
		SolutionGuid = {77E1A72C-D133-4875-B267-97FE01D06452}
	EndGlobalSection
EndGlobal
